// !$*UTF8*$!
{
	archiveVersion = 1;
	classes = {
	};
	objectVersion = 77;
	objects = {

/* Begin PBXBuildFile section */
		871533652CE8F61E001CFC63 /* Entity.swift in Sources */ = {isa = PBXBuildFile; fileRef = 8715335D2CE8F61E001CFC63 /* Entity.swift */; };
		871533662CE8F61E001CFC63 /* Interactor.swift in Sources */ = {isa = PBXBuildFile; fileRef = 8715335E2CE8F61E001CFC63 /* Interactor.swift */; };
		871533672CE8F61E001CFC63 /* MyFocusApp.swift in Sources */ = {isa = PBXBuildFile; fileRef = 8715335F2CE8F61E001CFC63 /* MyFocusApp.swift */; };
		871533682CE8F61E001CFC63 /* Presenter.swift in Sources */ = {isa = PBXBuildFile; fileRef = 871533602CE8F61E001CFC63 /* Presenter.swift */; };
		871533692CE8F61E001CFC63 /* Router.swift in Sources */ = {isa = PBXBuildFile; fileRef = 871533612CE8F61E001CFC63 /* Router.swift */; };
		8715336C2CE8F61E001CFC63 /* Preview Assets.xcassets in Resources */ = {isa = PBXBuildFile; fileRef = 8715335A2CE8F61E001CFC63 /* Preview Assets.xcassets */; };
		8715336D2CE8F61E001CFC63 /* Assets.xcassets in Resources */ = {isa = PBXBuildFile; fileRef = 8715335C2CE8F61E001CFC63 /* Assets.xcassets */; };
		879D59232CEA301A0080BD66 /* TasksListCell.swift in Sources */ = {isa = PBXBuildFile; fileRef = 879D591F2CEA301A0080BD66 /* TasksListCell.swift */; };
		879D59242CEA301A0080BD66 /* TasksListView.swift in Sources */ = {isa = PBXBuildFile; fileRef = 879D59202CEA301A0080BD66 /* TasksListView.swift */; };
		879D59252CEA301A0080BD66 /* TaskView.swift in Sources */ = {isa = PBXBuildFile; fileRef = 879D59212CEA301A0080BD66 /* TaskView.swift */; };
/* End PBXBuildFile section */

/* Begin PBXFileReference section */
		8715332A2CE8DF70001CFC63 /* MyFocus.app */ = {isa = PBXFileReference; explicitFileType = wrapper.application; includeInIndex = 0; path = MyFocus.app; sourceTree = BUILT_PRODUCTS_DIR; };
		8715335A2CE8F61E001CFC63 /* Preview Assets.xcassets */ = {isa = PBXFileReference; lastKnownFileType = folder.assetcatalog; path = "Preview Assets.xcassets"; sourceTree = "<group>"; };
		8715335C2CE8F61E001CFC63 /* Assets.xcassets */ = {isa = PBXFileReference; lastKnownFileType = folder.assetcatalog; path = Assets.xcassets; sourceTree = "<group>"; };
		8715335D2CE8F61E001CFC63 /* Entity.swift */ = {isa = PBXFileReference; lastKnownFileType = sourcecode.swift; path = Entity.swift; sourceTree = "<group>"; };
		8715335E2CE8F61E001CFC63 /* Interactor.swift */ = {isa = PBXFileReference; lastKnownFileType = sourcecode.swift; path = Interactor.swift; sourceTree = "<group>"; };
		8715335F2CE8F61E001CFC63 /* MyFocusApp.swift */ = {isa = PBXFileReference; lastKnownFileType = sourcecode.swift; path = MyFocusApp.swift; sourceTree = "<group>"; };
		871533602CE8F61E001CFC63 /* Presenter.swift */ = {isa = PBXFileReference; lastKnownFileType = sourcecode.swift; path = Presenter.swift; sourceTree = "<group>"; };
		871533612CE8F61E001CFC63 /* Router.swift */ = {isa = PBXFileReference; lastKnownFileType = sourcecode.swift; path = Router.swift; sourceTree = "<group>"; };
		879D591F2CEA301A0080BD66 /* TasksListCell.swift */ = {isa = PBXFileReference; lastKnownFileType = sourcecode.swift; path = TasksListCell.swift; sourceTree = "<group>"; };
		879D59202CEA301A0080BD66 /* TasksListView.swift */ = {isa = PBXFileReference; lastKnownFileType = sourcecode.swift; path = TasksListView.swift; sourceTree = "<group>"; };
		879D59212CEA301A0080BD66 /* TaskView.swift */ = {isa = PBXFileReference; lastKnownFileType = sourcecode.swift; path = TaskView.swift; sourceTree = "<group>"; };
/* End PBXFileReference section */

/* Begin PBXFrameworksBuildPhase section */
		871533272CE8DF70001CFC63 /* Frameworks */ = {
			isa = PBXFrameworksBuildPhase;
			buildActionMask = 2147483647;
			files = (
			);
			runOnlyForDeploymentPostprocessing = 0;
		};
/* End PBXFrameworksBuildPhase section */

/* Begin PBXGroup section */
		871533212CE8DF70001CFC63 = {
			isa = PBXGroup;
			children = (
				871533642CE8F61E001CFC63 /* MyFocus */,
				8715332B2CE8DF70001CFC63 /* Products */,
			);
			sourceTree = "<group>";
		};
		8715332B2CE8DF70001CFC63 /* Products */ = {
			isa = PBXGroup;
			children = (
				8715332A2CE8DF70001CFC63 /* MyFocus.app */,
			);
			name = Products;
			sourceTree = "<group>";
		};
		8715335B2CE8F61E001CFC63 /* Preview Content */ = {
			isa = PBXGroup;
			children = (
				8715335A2CE8F61E001CFC63 /* Preview Assets.xcassets */,
			);
			path = "Preview Content";
			sourceTree = "<group>";
		};
		871533642CE8F61E001CFC63 /* MyFocus */ = {
			isa = PBXGroup;
			children = (
				879D59262CEA303D0080BD66 /* Source */,
				879D59222CEA301A0080BD66 /* Views */,
				8715335F2CE8F61E001CFC63 /* MyFocusApp.swift */,
				871533612CE8F61E001CFC63 /* Router.swift */,
				871533602CE8F61E001CFC63 /* Presenter.swift */,
				8715335E2CE8F61E001CFC63 /* Interactor.swift */,
			);
			path = MyFocus;
			sourceTree = "<group>";
		};
		879D59222CEA301A0080BD66 /* Views */ = {
			isa = PBXGroup;
			children = (
				879D59202CEA301A0080BD66 /* TasksListView.swift */,
				879D591F2CEA301A0080BD66 /* TasksListCell.swift */,
				879D59212CEA301A0080BD66 /* TaskView.swift */,
			);
			path = Views;
			sourceTree = "<group>";
		};
		879D59262CEA303D0080BD66 /* Source */ = {
			isa = PBXGroup;
			children = (
				8715335B2CE8F61E001CFC63 /* Preview Content */,
				8715335C2CE8F61E001CFC63 /* Assets.xcassets */,
				8715335D2CE8F61E001CFC63 /* Entity.swift */,
			);
			path = Source;
			sourceTree = "<group>";
		};
/* End PBXGroup section */

/* Begin PBXNativeTarget section */
		871533292CE8DF70001CFC63 /* MyFocus */ = {
			isa = PBXNativeTarget;
			buildConfigurationList = 871533382CE8DF71001CFC63 /* Build configuration list for PBXNativeTarget "MyFocus" */;
			buildPhases = (
				871533262CE8DF70001CFC63 /* Sources */,
				871533272CE8DF70001CFC63 /* Frameworks */,
				871533282CE8DF70001CFC63 /* Resources */,
			);
			buildRules = (
			);
			dependencies = (
			);
			name = MyFocus;
			packageProductDependencies = (
			);
			productName = MyFocus;
			productReference = 8715332A2CE8DF70001CFC63 /* MyFocus.app */;
			productType = "com.apple.product-type.application";
		};
/* End PBXNativeTarget section */

/* Begin PBXProject section */
		871533222CE8DF70001CFC63 /* Project object */ = {
			isa = PBXProject;
			attributes = {
				BuildIndependentTargetsInParallel = 1;
				LastSwiftUpdateCheck = 1610;
				LastUpgradeCheck = 1610;
				TargetAttributes = {
					871533292CE8DF70001CFC63 = {
						CreatedOnToolsVersion = 16.1;
					};
				};
			};
			buildConfigurationList = 871533252CE8DF70001CFC63 /* Build configuration list for PBXProject "MyFocus" */;
			developmentRegion = en;
			hasScannedForEncodings = 0;
			knownRegions = (
				en,
				Base,
			);
			mainGroup = 871533212CE8DF70001CFC63;
			minimizedProjectReferenceProxies = 1;
			preferredProjectObjectVersion = 77;
			productRefGroup = 8715332B2CE8DF70001CFC63 /* Products */;
			projectDirPath = "";
			projectRoot = "";
			targets = (
				871533292CE8DF70001CFC63 /* MyFocus */,
			);
		};
/* End PBXProject section */

/* Begin PBXResourcesBuildPhase section */
		871533282CE8DF70001CFC63 /* Resources */ = {
			isa = PBXResourcesBuildPhase;
			buildActionMask = 2147483647;
			files = (
				8715336C2CE8F61E001CFC63 /* Preview Assets.xcassets in Resources */,
				8715336D2CE8F61E001CFC63 /* Assets.xcassets in Resources */,
			);
			runOnlyForDeploymentPostprocessing = 0;
		};
/* End PBXResourcesBuildPhase section */

/* Begin PBXSourcesBuildPhase section */
		871533262CE8DF70001CFC63 /* Sources */ = {
			isa = PBXSourcesBuildPhase;
			buildActionMask = 2147483647;
			files = (
				871533652CE8F61E001CFC63 /* Entity.swift in Sources */,
				871533662CE8F61E001CFC63 /* Interactor.swift in Sources */,
				871533672CE8F61E001CFC63 /* MyFocusApp.swift in Sources */,
				871533682CE8F61E001CFC63 /* Presenter.swift in Sources */,
				879D59232CEA301A0080BD66 /* TasksListCell.swift in Sources */,
				879D59242CEA301A0080BD66 /* TasksListView.swift in Sources */,
				879D59252CEA301A0080BD66 /* TaskView.swift in Sources */,
				871533692CE8F61E001CFC63 /* Router.swift in Sources */,
			);
			runOnlyForDeploymentPostprocessing = 0;
		};
/* End PBXSourcesBuildPhase section */

/* Begin XCBuildConfiguration section */
		871533362CE8DF71001CFC63 /* Debug */ = {
			isa = XCBuildConfiguration;
			buildSettings = {
				ALWAYS_SEARCH_USER_PATHS = NO;
				ASSETCATALOG_COMPILER_GENERATE_SWIFT_ASSET_SYMBOL_EXTENSIONS = YES;
				CLANG_ANALYZER_NONNULL = YES;
				CLANG_ANALYZER_NUMBER_OBJECT_CONVERSION = YES_AGGRESSIVE;
				CLANG_CXX_LANGUAGE_STANDARD = "gnu++20";
				CLANG_ENABLE_MODULES = YES;
				CLANG_ENABLE_OBJC_ARC = YES;
				CLANG_ENABLE_OBJC_WEAK = YES;
				CLANG_WARN_BLOCK_CAPTURE_AUTORELEASING = YES;
				CLANG_WARN_BOOL_CONVERSION = YES;
				CLANG_WARN_COMMA = YES;
				CLANG_WARN_CONSTANT_CONVERSION = YES;
				CLANG_WARN_DEPRECATED_OBJC_IMPLEMENTATIONS = YES;
				CLANG_WARN_DIRECT_OBJC_ISA_USAGE = YES_ERROR;
				CLANG_WARN_DOCUMENTATION_COMMENTS = YES;
				CLANG_WARN_EMPTY_BODY = YES;
				CLANG_WARN_ENUM_CONVERSION = YES;
				CLANG_WARN_INFINITE_RECURSION = YES;
				CLANG_WARN_INT_CONVERSION = YES;
				CLANG_WARN_NON_LITERAL_NULL_CONVERSION = YES;
				CLANG_WARN_OBJC_IMPLICIT_RETAIN_SELF = YES;
				CLANG_WARN_OBJC_LITERAL_CONVERSION = YES;
				CLANG_WARN_OBJC_ROOT_CLASS = YES_ERROR;
				CLANG_WARN_QUOTED_INCLUDE_IN_FRAMEWORK_HEADER = YES;
				CLANG_WARN_RANGE_LOOP_ANALYSIS = YES;
				CLANG_WARN_STRICT_PROTOTYPES = YES;
				CLANG_WARN_SUSPICIOUS_MOVE = YES;
				CLANG_WARN_UNGUARDED_AVAILABILITY = YES_AGGRESSIVE;
				CLANG_WARN_UNREACHABLE_CODE = YES;
				CLANG_WARN__DUPLICATE_METHOD_MATCH = YES;
				COPY_PHASE_STRIP = NO;
				DEBUG_INFORMATION_FORMAT = dwarf;
				ENABLE_STRICT_OBJC_MSGSEND = YES;
				ENABLE_TESTABILITY = YES;
				ENABLE_USER_SCRIPT_SANDBOXING = YES;
				GCC_C_LANGUAGE_STANDARD = gnu17;
				GCC_DYNAMIC_NO_PIC = NO;
				GCC_NO_COMMON_BLOCKS = YES;
				GCC_OPTIMIZATION_LEVEL = 0;
				GCC_PREPROCESSOR_DEFINITIONS = (
					"DEBUG=1",
					"$(inherited)",
				);
				GCC_WARN_64_TO_32_BIT_CONVERSION = YES;
				GCC_WARN_ABOUT_RETURN_TYPE = YES_ERROR;
				GCC_WARN_UNDECLARED_SELECTOR = YES;
				GCC_WARN_UNINITIALIZED_AUTOS = YES_AGGRESSIVE;
				GCC_WARN_UNUSED_FUNCTION = YES;
				GCC_WARN_UNUSED_VARIABLE = YES;
				IPHONEOS_DEPLOYMENT_TARGET = 18.1;
				LOCALIZATION_PREFERS_STRING_CATALOGS = YES;
				MTL_ENABLE_DEBUG_INFO = INCLUDE_SOURCE;
				MTL_FAST_MATH = YES;
				ONLY_ACTIVE_ARCH = YES;
				SDKROOT = iphoneos;
				SWIFT_ACTIVE_COMPILATION_CONDITIONS = "DEBUG $(inherited)";
				SWIFT_OPTIMIZATION_LEVEL = "-Onone";
			};
			name = Debug;
		};
		871533372CE8DF71001CFC63 /* Release */ = {
			isa = XCBuildConfiguration;
			buildSettings = {
				ALWAYS_SEARCH_USER_PATHS = NO;
				ASSETCATALOG_COMPILER_GENERATE_SWIFT_ASSET_SYMBOL_EXTENSIONS = YES;
				CLANG_ANALYZER_NONNULL = YES;
				CLANG_ANALYZER_NUMBER_OBJECT_CONVERSION = YES_AGGRESSIVE;
				CLANG_CXX_LANGUAGE_STANDARD = "gnu++20";
				CLANG_ENABLE_MODULES = YES;
				CLANG_ENABLE_OBJC_ARC = YES;
				CLANG_ENABLE_OBJC_WEAK = YES;
				CLANG_WARN_BLOCK_CAPTURE_AUTORELEASING = YES;
				CLANG_WARN_BOOL_CONVERSION = YES;
				CLANG_WARN_COMMA = YES;
				CLANG_WARN_CONSTANT_CONVERSION = YES;
				CLANG_WARN_DEPRECATED_OBJC_IMPLEMENTATIONS = YES;
				CLANG_WARN_DIRECT_OBJC_ISA_USAGE = YES_ERROR;
				CLANG_WARN_DOCUMENTATION_COMMENTS = YES;
				CLANG_WARN_EMPTY_BODY = YES;
				CLANG_WARN_ENUM_CONVERSION = YES;
				CLANG_WARN_INFINITE_RECURSION = YES;
				CLANG_WARN_INT_CONVERSION = YES;
				CLANG_WARN_NON_LITERAL_NULL_CONVERSION = YES;
				CLANG_WARN_OBJC_IMPLICIT_RETAIN_SELF = YES;
				CLANG_WARN_OBJC_LITERAL_CONVERSION = YES;
				CLANG_WARN_OBJC_ROOT_CLASS = YES_ERROR;
				CLANG_WARN_QUOTED_INCLUDE_IN_FRAMEWORK_HEADER = YES;
				CLANG_WARN_RANGE_LOOP_ANALYSIS = YES;
				CLANG_WARN_STRICT_PROTOTYPES = YES;
				CLANG_WARN_SUSPICIOUS_MOVE = YES;
				CLANG_WARN_UNGUARDED_AVAILABILITY = YES_AGGRESSIVE;
				CLANG_WARN_UNREACHABLE_CODE = YES;
				CLANG_WARN__DUPLICATE_METHOD_MATCH = YES;
				COPY_PHASE_STRIP = NO;
				DEBUG_INFORMATION_FORMAT = "dwarf-with-dsym";
				ENABLE_NS_ASSERTIONS = NO;
				ENABLE_STRICT_OBJC_MSGSEND = YES;
				ENABLE_USER_SCRIPT_SANDBOXING = YES;
				GCC_C_LANGUAGE_STANDARD = gnu17;
				GCC_NO_COMMON_BLOCKS = YES;
				GCC_WARN_64_TO_32_BIT_CONVERSION = YES;
				GCC_WARN_ABOUT_RETURN_TYPE = YES_ERROR;
				GCC_WARN_UNDECLARED_SELECTOR = YES;
				GCC_WARN_UNINITIALIZED_AUTOS = YES_AGGRESSIVE;
				GCC_WARN_UNUSED_FUNCTION = YES;
				GCC_WARN_UNUSED_VARIABLE = YES;
				IPHONEOS_DEPLOYMENT_TARGET = 18.1;
				LOCALIZATION_PREFERS_STRING_CATALOGS = YES;
				MTL_ENABLE_DEBUG_INFO = NO;
				MTL_FAST_MATH = YES;
				SDKROOT = iphoneos;
				SWIFT_COMPILATION_MODE = wholemodule;
				VALIDATE_PRODUCT = YES;
			};
			name = Release;
		};
		871533392CE8DF71001CFC63 /* Debug */ = {
			isa = XCBuildConfiguration;
			buildSettings = {
				ASSETCATALOG_COMPILER_APPICON_NAME = AppIcon;
				ASSETCATALOG_COMPILER_GLOBAL_ACCENT_COLOR_NAME = AccentColor;
				CODE_SIGN_STYLE = Automatic;
				CURRENT_PROJECT_VERSION = 1;
				DEVELOPMENT_ASSET_PATHS = "\"MyFocus/Source/Preview Content\"";
				DEVELOPMENT_TEAM = FP582B2GU2;
				ENABLE_PREVIEWS = YES;
				GENERATE_INFOPLIST_FILE = YES;
				INFOPLIST_KEY_UIApplicationSceneManifest_Generation = YES;
				INFOPLIST_KEY_UIApplicationSupportsIndirectInputEvents = YES;
				INFOPLIST_KEY_UILaunchScreen_Generation = YES;
				INFOPLIST_KEY_UISupportedInterfaceOrientations = UIInterfaceOrientationPortrait;
				INFOPLIST_KEY_UISupportedInterfaceOrientations_iPad = "UIInterfaceOrientationLandscapeLeft UIInterfaceOrientationLandscapeRight UIInterfaceOrientationPortrait UIInterfaceOrientationPortraitUpsideDown";
				INFOPLIST_KEY_UIUserInterfaceStyle = Dark;
				IPHONEOS_DEPLOYMENT_TARGET = 16.6;
				LD_RUNPATH_SEARCH_PATHS = (
					"$(inherited)",
					"@executable_path/Frameworks",
				);
				MARKETING_VERSION = 1.0;
				PRODUCT_BUNDLE_IDENTIFIER = com.ilyansky.MyFocus;
				PRODUCT_NAME = "$(TARGET_NAME)";
				SUPPORTED_PLATFORMS = "iphoneos iphonesimulator";
				SUPPORTS_MACCATALYST = NO;
				SUPPORTS_MAC_DESIGNED_FOR_IPHONE_IPAD = NO;
				SUPPORTS_XR_DESIGNED_FOR_IPHONE_IPAD = NO;
				SWIFT_EMIT_LOC_STRINGS = YES;
				SWIFT_VERSION = 5.0;
				TARGETED_DEVICE_FAMILY = 1;
			};
			name = Debug;
		};
		8715333A2CE8DF71001CFC63 /* Release */ = {
			isa = XCBuildConfiguration;
			buildSettings = {
				ASSETCATALOG_COMPILER_APPICON_NAME = AppIcon;
				ASSETCATALOG_COMPILER_GLOBAL_ACCENT_COLOR_NAME = AccentColor;
				CODE_SIGN_STYLE = Automatic;
				CURRENT_PROJECT_VERSION = 1;
				DEVELOPMENT_ASSET_PATHS = "\"MyFocus/Source/Preview Content\"";
				DEVELOPMENT_TEAM = FP582B2GU2;
				ENABLE_PREVIEWS = YES;
				GENERATE_INFOPLIST_FILE = YES;
				INFOPLIST_KEY_UIApplicationSceneManifest_Generation = YES;
				INFOPLIST_KEY_UIApplicationSupportsIndirectInputEvents = YES;
				INFOPLIST_KEY_UILaunchScreen_Generation = YES;
				INFOPLIST_KEY_UISupportedInterfaceOrientations = UIInterfaceOrientationPortrait;
				INFOPLIST_KEY_UISupportedInterfaceOrientations_iPad = "UIInterfaceOrientationLandscapeLeft UIInterfaceOrientationLandscapeRight UIInterfaceOrientationPortrait UIInterfaceOrientationPortraitUpsideDown";
				INFOPLIST_KEY_UIUserInterfaceStyle = Dark;
				IPHONEOS_DEPLOYMENT_TARGET = 16.6;
				LD_RUNPATH_SEARCH_PATHS = (
					"$(inherited)",
					"@executable_path/Frameworks",
				);
				MARKETING_VERSION = 1.0;
				PRODUCT_BUNDLE_IDENTIFIER = com.ilyansky.MyFocus;
				PRODUCT_NAME = "$(TARGET_NAME)";
				SUPPORTED_PLATFORMS = "iphoneos iphonesimulator";
				SUPPORTS_MACCATALYST = NO;
				SUPPORTS_MAC_DESIGNED_FOR_IPHONE_IPAD = NO;
				SUPPORTS_XR_DESIGNED_FOR_IPHONE_IPAD = NO;
				SWIFT_EMIT_LOC_STRINGS = YES;
				SWIFT_VERSION = 5.0;
				TARGETED_DEVICE_FAMILY = 1;
			};
			name = Release;
		};
/* End XCBuildConfiguration section */

/* Begin XCConfigurationList section */
		871533252CE8DF70001CFC63 /* Build configuration list for PBXProject "MyFocus" */ = {
			isa = XCConfigurationList;
			buildConfigurations = (
				871533362CE8DF71001CFC63 /* Debug */,
				871533372CE8DF71001CFC63 /* Release */,
			);
			defaultConfigurationIsVisible = 0;
			defaultConfigurationName = Release;
		};
		871533382CE8DF71001CFC63 /* Build configuration list for PBXNativeTarget "MyFocus" */ = {
			isa = XCConfigurationList;
			buildConfigurations = (
				871533392CE8DF71001CFC63 /* Debug */,
				8715333A2CE8DF71001CFC63 /* Release */,
			);
			defaultConfigurationIsVisible = 0;
			defaultConfigurationName = Release;
		};
/* End XCConfigurationList section */
	};
	rootObject = 871533222CE8DF70001CFC63 /* Project object */;
}
